
Microsoft Visual Studio Solution File, Format Version 12.00
# Visual Studio Version 16
VisualStudioVersion = 16.0.31105.61
MinimumVisualStudioVersion = 10.0.40219.1
Project("{FAE04EC0-301F-11D3-BF4B-00C04F79EFBC}") = "RPGMasterOfDoom", "RPGMasterOfDoom\RPGMasterOfDoom.csproj", "{A5C95272-E59B-4914-A11A-7958A35689B9}"
EndProject
Global
	GlobalSection(SolutionConfigurationPlatforms) = preSolution
		Debug|Any CPU = Debug|Any CPU
		Release|Any CPU = Release|Any CPU
	EndGlobalSection
	GlobalSection(ProjectConfigurationPlatforms) = postSolution
		{A5C95272-E59B-4914-A11A-7958A35689B9}.Debug|Any CPU.ActiveCfg = Debug|Any CPU
		{A5C95272-E59B-4914-A11A-7958A35689B9}.Debug|Any CPU.Build.0 = Debug|Any CPU
		{A5C95272-E59B-4914-A11A-7958A35689B9}.Release|Any CPU.ActiveCfg = Release|Any CPU
		{A5C95272-E59B-4914-A11A-7958A35689B9}.Release|Any CPU.Build.0 = Release|Any CPU
	EndGlobalSection
	GlobalSection(SolutionProperties) = preSolution
		HideSolutionNode = FALSE
	EndGlobalSection
	GlobalSection(ExtensibilityGlobals) = postSolution
		SolutionGuid = {E0265D49-140B-4EFA-85D4-F4122718DE01}
	EndGlobalSection
EndGlobal
